{
  "name": "smoke-test",
  "lockfileVersion": 3,
  "requires": true,
  "packages": {
    "": {
      "name": "smoke-test",
      "dependencies": {
        "@crvy/rprtr": "file:.."
      },
      "devDependencies": {
        "@playwright/test": "^1.52.0"
      }
    },
    "..": {
      "name": "@crvy/rprtr",
      "version": "0.0.3",
      "license": "MIT",
      "dependencies": {
        "p-limit": "^7.3.0",
        "ws": "^8.18.3",
        "zod": "^4.3.6"
      },
      "bin": {
        "crvy-rprtr": "dist/cli.js"
      },
      "devDependencies": {
        "@playwright/test": "^1.58.2",
        "@tailwindcss/postcss": "^4.2.2",
        "@types/bun": "latest",
        "@types/ws": "^8.18.1",
        "esbuild": "^0.27.4",
        "esbuild-svelte": "^0.9.4",
        "jscpd": "^4.0.8",
        "knip": "^6.3.0",
        "oxfmt": "^0.41.0",
        "oxlint": "^1.56.0",
        "oxlint-tsgolint": "^0.19.0",
        "postcss": "^8.5.8",
        "publint": "^0.3.18",
        "svelte": "^5.54.0",
        "tailwindcss": "^4.2.2",
        "typescript": "^5.9.3"
      },
      "engines": {
        "bun": ">=1.0.0",
        "node": ">=22"
      },
      "peerDependencies": {
        "@playwright/test": ">=1.40"
      }
    },
    "node_modules/@crvy/rprtr": {
      "resolved": "..",
      "link": true
    },
    "node_modules/@playwright/test": {
      "version": "1.59.1",
      "resolved": "https://registry.npmjs.org/@playwright/test/-/test-1.59.1.tgz",
      "integrity": "sha512-PG6q63nQg5c9rIi4/Z5lR5IVF7yU5MqmKaPOe0HSc0O2cX1fPi96sUQu5j7eo4gKCkB2AnNGoWt7y4/Xx3Kcqg==",
      "dev": true,
      "license": "Apache-2.0",
      "dependencies": {
        "playwright": "1.59.1"
      },
      "bin": {
        "playwright": "cli.js"
      },
      "engines": {
        "node": ">=18"
      }
    },
    "node_modules/fsevents": {
      "version": "2.3.2",
      "resolved": "https://registry.npmjs.org/fsevents/-/fsevents-2.3.2.tgz",
      "integrity": "sha512-xiqMQR4xAeHTuB9uWm+fFRcIOgKBMiOBP+eXiyT7jsgVCq1bkVygt00oASowB7EdtpOHaaPgKt812P9ab+DDKA==",
      "dev": true,
      "hasInstallScript": true,
      "license": "MIT",
      "optional": true,
      "os": [
        "darwin"
      ],
      "engines": {
        "node": "^8.16.0 || ^10.6.0 || >=11.0.0"
      }
    },
    "node_modules/playwright": {
      "version": "1.59.1",
      "resolved": "https://registry.npmjs.org/playwright/-/playwright-1.59.1.tgz",
      "integrity": "sha512-C8oWjPR3F81yljW9o5OxcWzfh6avkVwDD2VYdwIGqTkl+OGFISgypqzfu7dOe4QNLL2aqcWBmI3PMtLIK233lw==",
      "dev": true,
      "license": "Apache-2.0",
      "dependencies": {
        "playwright-core": "1.59.1"
      },
      "bin": {
        "playwright": "cli.js"
      },
      "engines": {
        "node": ">=18"
      },
      "optionalDependencies": {
        "fsevents": "2.3.2"
      }
    },
    "node_modules/playwright-core": {
      "version": "1.59.1",
      "resolved": "https://registry.npmjs.org/playwright-core/-/playwright-core-1.59.1.tgz",
      "integrity": "sha512-HBV/RJg81z5BiiZ9yPzIiClYV/QMsDCKUyogwH9p3MCP6IYjUFu/MActgYAvK0oWyV9NlwM3GLBjADyWgydVyg==",
      "dev": true,
      "license": "Apache-2.0",
      "bin": {
        "playwright-core": "cli.js"
      },
      "engines": {
        "node": ">=18"
      }
    }
  }
}
